github.com/boltdb/bolt v0.0.0-20180302180052-fd01fc79c553 h1:yvSJ8qbaWLeS7COhu2KJ0epn4mmc+aGeBP7Dpg7xQTY=
github.com/boltdb/bolt v0.0.0-20180302180052-fd01fc79c553/go.mod h1:clJnj/oiGkjum5o1McbSZDSLxVThjynRyGBgiAx27Ps=
github.com/faiface/glhf v0.0.0-20170610131041-98c0391c0fd3 h1:xbJ2D3NnGtohG8fuz0PxTIxJtUUeuCRGix/cQs4uKxA=
github.com/faiface/glhf v0.0.0-20170610131041-98c0391c0fd3/go.mod h1:zqnPFFIuYFFxl7uH2gYByJwIVKG7fRqlqQCbzAnHs9g=
github.com/faiface/mainthread v0.0.0-20171120011319-8b78f0a41ae3 h1:baVdMKlASEHrj19iqjARrPbaRisD7EuZEVJj6ZMLl1Q=
github.com/faiface/mainthread v0.0.0-20171120011319-8b78f0a41ae3/go.mod h1:VEPNJUlxl5KdWjDvz6Q1l+rJlxF2i6xqDeGuGAxa87M=
github.com/go-gl/gl v0.0.0-20170915061432-ac0d3d2af0fe h1:FjprmIG6rIQLpzaIP3rU/CAr0l1oAuvqX+vzNQvVsGI=
github.com/go-gl/gl v0.0.0-20170915061432-ac0d3d2af0fe/go.mod h1:482civXOzJJCPzJ4ZOX/pwvXBWSnzD4OKMdH4ClKGbk=
github.com/go-gl/glfw v0.0.0-20170814180746-513e4f2bf85c h1:1zCo3Fa2xy/b0b4A3U9M000k1V3JPJhLaCki4eaLfhQ=
github.com/go-gl/glfw v0.0.0-20170814180746-513e4f2bf85c/go.mod h1:vR7hzQXu2zJy9AVAgeJqvqgH9Q5CA+iKCZ2gyEVpxRU=
github.com/go-gl/mathgl v0.0.0-20180122190751-062629838a6b h1:nqegLA53uxnFFPTo0c/UrCy6+fieGVEOjkGGRxFTNGg=
github.com/go-gl/mathgl v0.0.0-20180122190751-062629838a6b/go.mod h1:dvrdneKbyWbK2skTda0nM4B9zSlS2GZSnjX7itr/skQ=
github.com/hashicorp/golang-lru v0.0.0-20180201235237-0fb14efe8c47 h1:UnszMmmmm5vLwWzDjTFVIkfhvWF1NdrmChl8L2NUDCw=
github.com/hashicorp/golang-lru v0.0.0-20180201235237-0fb14efe8c47/go.mod h1:/m3WP610KZHVQ1SGc6re/UDhFvYD7pJ4Ao+sR/qLZy8=
github.com/hashicorp/yamux v0.0.0-20171219165022-683f49123a33 h1:S6bmV0Fu+TrrPC2kBQ6ov32au0/JPSk0hw2B1GOPdcw=
github.com/hashicorp/yamux v0.0.0-20171219165022-683f49123a33/go.mod h1:+NfK9FKeTrX5uv1uIXGdwYDTeHna2qgaIlx54MXqjAM=
github.com/icexin/gocraft-server v0.0.0-20180411070954-3e67e0dc7f43 h1:O9t8EPU+tIxR+wD5boYzbPkIsmR4NFZMMdRpHZ0ZfNw=
github.com/icexin/gocraft-server v0.0.0-20180411070954-3e67e0dc7f43/go.mod h1:XNNrhfhPj1EWPYYu/RINcm3tNHKsq4Iy/lEIf+W6Qec=
github.com/ojrac/opensimplex-go v0.0.0-20160623011930-c0d2b8b32468 h1:Ac+D0ElZ4iNu40FqPtPyAMx9GXMCmRBZGvLm6oT13qk=
github.com/ojrac/opensimplex-go v0.0.0-20160623011930-c0d2b8b32468/go.mod h1:MoSgj04tZpH8U0RefZabnHV2AbLgv/2mo3hLJtWqSEs=
github.com/pkg/errors v0.0.0-20170505043639-c605e284fe17 h1:chPfVn+gpAM5CTpTyVU9j8J+xgRGwmoDlNDLjKnJiYo=
github.com/pkg/errors v0.0.0-20170505043639-c605e284fe17/go.mod h1:bwawxfHBFNV+L2hUp1rHADufV3IMtnDRdf1r5NINEl0=
golang.org/x/image v0.0.0-20171214225156-12117c17ca67 h1:L8S612DBEq9tpLTxczHuhrf5il+KEdSha8b5A5njQMc=
golang.org/x/image v0.0.0-20171214225156-12117c17ca67/go.mod h1:ux5Hcp/YLpHSI86hEcLt0YII63i6oz57MZXIpbrjZUs=
golang.org/x/sys v0.0.0-20170809190605-e42485b6e20a/go.mod h1:STP8DvDyc/dI5b8T5hshtkjS+E42TnysNCUPdjciGhY=
